
Microsoft Visual Studio Solution File, Format Version 12.00
# Visual Studio Version 17
VisualStudioVersion = 17.6.33829.357
MinimumVisualStudioVersion = 10.0.40219.1
Project("{9A19103F-16F7-4668-BE54-9A1E7A4F7556}") = "MagicVilla_API", "MagicVilla_API\MagicVilla_API.csproj", "{F1C381EF-36D9-4D14-AC3C-2BA62FC22E12}"
EndProject
Project("{9A19103F-16F7-4668-BE54-9A1E7A4F7556}") = "MagicVilla_Web", "MagicVilla_Web\MagicVilla_Web.csproj", "{D2A7C58D-8DBA-44D2-9B01-3928C6E08972}"
	ProjectSection(ProjectDependencies) = postProject
		{03A7E41E-A183-4156-8A33-93C60101B7A6} = {03A7E41E-A183-4156-8A33-93C60101B7A6}
	EndProjectSection
EndProject
Project("{FAE04EC0-301F-11D3-BF4B-00C04F79EFBC}") = "MagicVilla_Utilidad", "MagicVilla_Utilidad\MagicVilla_Utilidad.csproj", "{03A7E41E-A183-4156-8A33-93C60101B7A6}"
EndProject
Global
	GlobalSection(SolutionConfigurationPlatforms) = preSolution
		Debug|Any CPU = Debug|Any CPU
		Release|Any CPU = Release|Any CPU
	EndGlobalSection
	GlobalSection(ProjectConfigurationPlatforms) = postSolution
		{F1C381EF-36D9-4D14-AC3C-2BA62FC22E12}.Debug|Any CPU.ActiveCfg = Debug|Any CPU
		{F1C381EF-36D9-4D14-AC3C-2BA62FC22E12}.Debug|Any CPU.Build.0 = Debug|Any CPU
		{F1C381EF-36D9-4D14-AC3C-2BA62FC22E12}.Release|Any CPU.ActiveCfg = Release|Any CPU
		{F1C381EF-36D9-4D14-AC3C-2BA62FC22E12}.Release|Any CPU.Build.0 = Release|Any CPU
		{D2A7C58D-8DBA-44D2-9B01-3928C6E08972}.Debug|Any CPU.ActiveCfg = Debug|Any CPU
		{D2A7C58D-8DBA-44D2-9B01-3928C6E08972}.Debug|Any CPU.Build.0 = Debug|Any CPU
		{D2A7C58D-8DBA-44D2-9B01-3928C6E08972}.Release|Any CPU.ActiveCfg = Release|Any CPU
		{D2A7C58D-8DBA-44D2-9B01-3928C6E08972}.Release|Any CPU.Build.0 = Release|Any CPU
		{03A7E41E-A183-4156-8A33-93C60101B7A6}.Debug|Any CPU.ActiveCfg = Debug|Any CPU
		{03A7E41E-A183-4156-8A33-93C60101B7A6}.Debug|Any CPU.Build.0 = Debug|Any CPU
		{03A7E41E-A183-4156-8A33-93C60101B7A6}.Release|Any CPU.ActiveCfg = Release|Any CPU
		{03A7E41E-A183-4156-8A33-93C60101B7A6}.Release|Any CPU.Build.0 = Release|Any CPU
	EndGlobalSection
	GlobalSection(SolutionProperties) = preSolution
		HideSolutionNode = FALSE
	EndGlobalSection
	GlobalSection(ExtensibilityGlobals) = postSolution
		SolutionGuid = {2FCD4E92-DB8B-4612-9EED-90F8E10F05CB}
	EndGlobalSection
EndGlobal
